
Microsoft Visual Studio Solution File, Format Version 12.00
# Visual Studio 15
VisualStudioVersion = 15.0.28010.2016
MinimumVisualStudioVersion = 10.0.40219.1
Project("{FAE04EC0-301F-11D3-BF4B-00C04F79EFBC}") = "MongoCSharpLibrary", "MongoDBLibrary\MongoCSharpLibrary.csproj", "{D37C6A35-D37B-489B-B6E6-A60CB5AD9455}"
EndProject
Project("{FAE04EC0-301F-11D3-BF4B-00C04F79EFBC}") = "MongoTestDatabaseLibrary", "MongoTestDatabase\MongoTestDatabaseLibrary.csproj", "{19AF3CF9-6A3D-4AAA-B93C-E70B5ACC1488}"
EndProject
Project("{FAE04EC0-301F-11D3-BF4B-00C04F79EFBC}") = "NextGenTestLibrary", "MongoCSharpTestLibrary\NextGenTestLibrary.csproj", "{F08D5724-E791-4558-B4B4-AF1921F05B45}"
EndProject
Global
	GlobalSection(SolutionConfigurationPlatforms) = preSolution
		Debug|Any CPU = Debug|Any CPU
		Release|Any CPU = Release|Any CPU
	EndGlobalSection
	GlobalSection(ProjectConfigurationPlatforms) = postSolution
		{D37C6A35-D37B-489B-B6E6-A60CB5AD9455}.Debug|Any CPU.ActiveCfg = Debug|Any CPU
		{D37C6A35-D37B-489B-B6E6-A60CB5AD9455}.Debug|Any CPU.Build.0 = Debug|Any CPU
		{D37C6A35-D37B-489B-B6E6-A60CB5AD9455}.Release|Any CPU.ActiveCfg = Release|Any CPU
		{D37C6A35-D37B-489B-B6E6-A60CB5AD9455}.Release|Any CPU.Build.0 = Release|Any CPU
		{19AF3CF9-6A3D-4AAA-B93C-E70B5ACC1488}.Debug|Any CPU.ActiveCfg = Debug|Any CPU
		{19AF3CF9-6A3D-4AAA-B93C-E70B5ACC1488}.Debug|Any CPU.Build.0 = Debug|Any CPU
		{19AF3CF9-6A3D-4AAA-B93C-E70B5ACC1488}.Release|Any CPU.ActiveCfg = Release|Any CPU
		{19AF3CF9-6A3D-4AAA-B93C-E70B5ACC1488}.Release|Any CPU.Build.0 = Release|Any CPU
		{F08D5724-E791-4558-B4B4-AF1921F05B45}.Debug|Any CPU.ActiveCfg = Debug|Any CPU
		{F08D5724-E791-4558-B4B4-AF1921F05B45}.Debug|Any CPU.Build.0 = Debug|Any CPU
		{F08D5724-E791-4558-B4B4-AF1921F05B45}.Release|Any CPU.ActiveCfg = Release|Any CPU
		{F08D5724-E791-4558-B4B4-AF1921F05B45}.Release|Any CPU.Build.0 = Release|Any CPU
	EndGlobalSection
	GlobalSection(SolutionProperties) = preSolution
		HideSolutionNode = FALSE
	EndGlobalSection
	GlobalSection(ExtensibilityGlobals) = postSolution
		SolutionGuid = {05B2C5B1-1859-43BB-B0FB-F9AC54F49272}
	EndGlobalSection
EndGlobal
